
Microsoft Visual Studio Solution File, Format Version 12.00
# Visual Studio Version 17
VisualStudioVersion = 17.3.32929.385
MinimumVisualStudioVersion = 10.0.40219.1
Project("{9A19103F-16F7-4668-BE54-9A1E7A4F7556}") = "Pin.CricketDarts.Core", "Pin.CricketDarts.Core\Pin.CricketDarts.Core.csproj", "{9737BDC6-68EC-42F3-B75E-738B81037B0F}"
EndProject
Project("{FAE04EC0-301F-11D3-BF4B-00C04F79EFBC}") = "Pin.CricketDarts.Infrastructure", "Pin.CricketDarts.Infrastructure\Pin.CricketDarts.Infrastructure.csproj", "{B156C77C-D9D4-4341-8404-A31C51F6E968}"
EndProject
Global
	GlobalSection(SolutionConfigurationPlatforms) = preSolution
		Debug|Any CPU = Debug|Any CPU
		Release|Any CPU = Release|Any CPU
	EndGlobalSection
	GlobalSection(ProjectConfigurationPlatforms) = postSolution
		{9737BDC6-68EC-42F3-B75E-738B81037B0F}.Debug|Any CPU.ActiveCfg = Debug|Any CPU
		{9737BDC6-68EC-42F3-B75E-738B81037B0F}.Debug|Any CPU.Build.0 = Debug|Any CPU
		{9737BDC6-68EC-42F3-B75E-738B81037B0F}.Release|Any CPU.ActiveCfg = Release|Any CPU
		{9737BDC6-68EC-42F3-B75E-738B81037B0F}.Release|Any CPU.Build.0 = Release|Any CPU
		{B156C77C-D9D4-4341-8404-A31C51F6E968}.Debug|Any CPU.ActiveCfg = Debug|Any CPU
		{B156C77C-D9D4-4341-8404-A31C51F6E968}.Debug|Any CPU.Build.0 = Debug|Any CPU
		{B156C77C-D9D4-4341-8404-A31C51F6E968}.Release|Any CPU.ActiveCfg = Release|Any CPU
		{B156C77C-D9D4-4341-8404-A31C51F6E968}.Release|Any CPU.Build.0 = Release|Any CPU
	EndGlobalSection
	GlobalSection(SolutionProperties) = preSolution
		HideSolutionNode = FALSE
	EndGlobalSection
	GlobalSection(ExtensibilityGlobals) = postSolution
		SolutionGuid = {4EC9E426-6946-4608-93F3-2CF8C00DEF38}
	EndGlobalSection
EndGlobal
